
Microsoft Visual Studio Solution File, Format Version 12.00
# Visual Studio Version 17
VisualStudioVersion = 17.14.36518.9 d17.14
MinimumVisualStudioVersion = 10.0.40219.1
Project("{FAE04EC0-301F-11D3-BF4B-00C04F79EFBC}") = "MemoryGame", "MemoryGame\MemoryGame.csproj", "{803C40C3-D8E8-47E9-BF2E-33592B4B4498}"
EndProject
Global
	GlobalSection(SolutionConfigurationPlatforms) = preSolution
		Debug|Any CPU = Debug|Any CPU
		Release|Any CPU = Release|Any CPU
	EndGlobalSection
	GlobalSection(ProjectConfigurationPlatforms) = postSolution
		{803C40C3-D8E8-47E9-BF2E-33592B4B4498}.Debug|Any CPU.ActiveCfg = Debug|Any CPU
		{803C40C3-D8E8-47E9-BF2E-33592B4B4498}.Debug|Any CPU.Build.0 = Debug|Any CPU
		{803C40C3-D8E8-47E9-BF2E-33592B4B4498}.Release|Any CPU.ActiveCfg = Release|Any CPU
		{803C40C3-D8E8-47E9-BF2E-33592B4B4498}.Release|Any CPU.Build.0 = Release|Any CPU
	EndGlobalSection
	GlobalSection(SolutionProperties) = preSolution
		HideSolutionNode = FALSE
	EndGlobalSection
	GlobalSection(ExtensibilityGlobals) = postSolution
		SolutionGuid = {F638C54F-9765-4941-BCF0-7847BB41E633}
	EndGlobalSection
EndGlobal
